// !$*UTF8*$!
{
	archiveVersion = 1;
	classes = {
	};
	objectVersion = 46;
	objects = {

/* Begin PBXBuildFile section */
		4108AFFA1C0D8FBB00CDC292 /* TopSectionViewController.m in Sources */ = {isa = PBXBuildFile; fileRef = 4108AFF91C0D8FBB00CDC292 /* TopSectionViewController.m */; };
		4108AFFD1C0D8FEF00CDC292 /* RecommedArticalViewController.m in Sources */ = {isa = PBXBuildFile; fileRef = 4108AFFC1C0D8FEF00CDC292 /* RecommedArticalViewController.m */; };
		4108B0001C0D951600CDC292 /* TopTenUtilities.m in Sources */ = {isa = PBXBuildFile; fileRef = 4108AFFF1C0D951600CDC292 /* TopTenUtilities.m */; };
		410B20201C151842004C0CBE /* CustomUtilities.m in Sources */ = {isa = PBXBuildFile; fileRef = 410B201F1C151842004C0CBE /* CustomUtilities.m */; };
		410B20221C1524A3004C0CBE /* Assets.xcassets in Resources */ = {isa = PBXBuildFile; fileRef = 410B20211C1524A3004C0CBE /* Assets.xcassets */; };
		410EABA21C0A9EE70076F7A9 /* RootViewController.m in Sources */ = {isa = PBXBuildFile; fileRef = 410EABA11C0A9EE70076F7A9 /* RootViewController.m */; };
		41185B8C1BFAC71A00695E9C /* SecondLoginViewController.m in Sources */ = {isa = PBXBuildFile; fileRef = 41185B8B1BFAC71A00695E9C /* SecondLoginViewController.m */; };
		411DD2691C0D8CA600002CD3 /* UserMainInterface.storyboard in Resources */ = {isa = PBXBuildFile; fileRef = 411DD2681C0D8CA600002CD3 /* UserMainInterface.storyboard */; };
		411DEC061C0D3131008B7EB6 /* TopTenViewController.m in Sources */ = {isa = PBXBuildFile; fileRef = 411DEC051C0D3131008B7EB6 /* TopTenViewController.m */; };
		412441121C2259EA009A4172 /* FirstLoginViewController.m in Sources */ = {isa = PBXBuildFile; fileRef = 412441111C2259EA009A4172 /* FirstLoginViewController.m */; };
		412441141C225A1E009A4172 /* FirstLoginView.xib in Resources */ = {isa = PBXBuildFile; fileRef = 412441131C225A1E009A4172 /* FirstLoginView.xib */; };
		412641F31C0E86BD006C4B31 /* ArticleInfo.m in Sources */ = {isa = PBXBuildFile; fileRef = 412641F21C0E86BD006C4B31 /* ArticleInfo.m */; };
		412641F61C0E876E006C4B31 /* UserInfo.m in Sources */ = {isa = PBXBuildFile; fileRef = 412641F51C0E876E006C4B31 /* UserInfo.m */; };
		41295DD51C1E5E260021D689 /* RecommedUtilities.m in Sources */ = {isa = PBXBuildFile; fileRef = 41295DD41C1E5E260021D689 /* RecommedUtilities.m */; };
		4129D06D1C3CB0D900BCB528 /* PictureInfo.m in Sources */ = {isa = PBXBuildFile; fileRef = 4129D06C1C3CB0D900BCB528 /* PictureInfo.m */; };
		41404F6A1C1D142100A45B13 /* BoardViewController.m in Sources */ = {isa = PBXBuildFile; fileRef = 41404F691C1D142100A45B13 /* BoardViewController.m */; };
		41404F6D1C1D16E700A45B13 /* BoardUtilities.m in Sources */ = {isa = PBXBuildFile; fileRef = 41404F6C1C1D16E700A45B13 /* BoardUtilities.m */; };
		41404F711C1D207900A45B13 /* BoardArticleInfoCell.m in Sources */ = {isa = PBXBuildFile; fileRef = 41404F6F1C1D207900A45B13 /* BoardArticleInfoCell.m */; };
		41404F721C1D207900A45B13 /* BoardArticleInfoCell.xib in Resources */ = {isa = PBXBuildFile; fileRef = 41404F701C1D207900A45B13 /* BoardArticleInfoCell.xib */; };
		41432A7D1C38DA3200423DFE /* ThemePopoverController.m in Sources */ = {isa = PBXBuildFile; fileRef = 41432A7B1C38DA3200423DFE /* ThemePopoverController.m */; };
		41432A7E1C38DA3200423DFE /* ThemePopoverControllerView.xib in Resources */ = {isa = PBXBuildFile; fileRef = 41432A7C1C38DA3200423DFE /* ThemePopoverControllerView.xib */; };
		41432A821C39053E00423DFE /* JumpPopoverController.m in Sources */ = {isa = PBXBuildFile; fileRef = 41432A811C39053E00423DFE /* JumpPopoverController.m */; };
		41432A841C39056E00423DFE /* JumpPopoverControllerView.xib in Resources */ = {isa = PBXBuildFile; fileRef = 41432A831C39056E00423DFE /* JumpPopoverControllerView.xib */; };
		4143427D1C1EC67F009300BC /* CaluateAttributedStringSizeUtilities.m in Sources */ = {isa = PBXBuildFile; fileRef = 4143427C1C1EC67F009300BC /* CaluateAttributedStringSizeUtilities.m */; };
		41434F2D1BE8D5AA00FF01D9 /* main.m in Sources */ = {isa = PBXBuildFile; fileRef = 41434F2C1BE8D5AA00FF01D9 /* main.m */; };
		41434F301BE8D5AA00FF01D9 /* AppDelegate.m in Sources */ = {isa = PBXBuildFile; fileRef = 41434F2F1BE8D5AA00FF01D9 /* AppDelegate.m */; };
		4153C8361C3BB4C000A0C0F2 /* ArticlePreProcessingUtilities.m in Sources */ = {isa = PBXBuildFile; fileRef = 4153C8351C3BB4C000A0C0F2 /* ArticlePreProcessingUtilities.m */; };
		415AE0951C0AF5F700B1F137 /* UserCenterViewController.m in Sources */ = {isa = PBXBuildFile; fileRef = 415AE0941C0AF5F700B1F137 /* UserCenterViewController.m */; };
		416B272F1C1BE87F00D0FFE4 /* SectionUtilities.m in Sources */ = {isa = PBXBuildFile; fileRef = 416B272E1C1BE87F00D0FFE4 /* SectionUtilities.m */; };
		419411D51C1BEF41002E59AC /* SectionInfo.m in Sources */ = {isa = PBXBuildFile; fileRef = 419411D41C1BEF41002E59AC /* SectionInfo.m */; };
		419411D81C1BFD03002E59AC /* SectionAndBoardInfoCell.m in Sources */ = {isa = PBXBuildFile; fileRef = 419411D71C1BFD03002E59AC /* SectionAndBoardInfoCell.m */; };
		419411DB1C1C0C93002E59AC /* SectionViewController.m in Sources */ = {isa = PBXBuildFile; fileRef = 419411DA1C1C0C93002E59AC /* SectionViewController.m */; };
		419411DE1C1C1573002E59AC /* BoardInfo.m in Sources */ = {isa = PBXBuildFile; fileRef = 419411DD1C1C1573002E59AC /* BoardInfo.m */; };
		419411E11C1C372C002E59AC /* CollectionViewHeader.m in Sources */ = {isa = PBXBuildFile; fileRef = 419411E01C1C372C002E59AC /* CollectionViewHeader.m */; };
		41A86EE21C05B5C7005A724D /* BBSConstants.m in Sources */ = {isa = PBXBuildFile; fileRef = 41A86EE11C05B5C7005A724D /* BBSConstants.m */; };
		41AF90EB1C0467E2007FFE3C /* LoginManager.m in Sources */ = {isa = PBXBuildFile; fileRef = 41AF90EA1C0467E2007FFE3C /* LoginManager.m */; };
		41B018561C23D04400AA8F88 /* LaunchViewController.m in Sources */ = {isa = PBXBuildFile; fileRef = 41B018551C23D04400AA8F88 /* LaunchViewController.m */; };
		41B018581C23D06400AA8F88 /* LaunchView.xib in Resources */ = {isa = PBXBuildFile; fileRef = 41B018571C23D06400AA8F88 /* LaunchView.xib */; };
		41B02B651C0FE31B00E4904B /* AttachmentInfo.m in Sources */ = {isa = PBXBuildFile; fileRef = 41B02B641C0FE31B00E4904B /* AttachmentInfo.m */; };
		41B02B6C1C0FED2500E4904B /* ThemeViewController.m in Sources */ = {isa = PBXBuildFile; fileRef = 41B02B6A1C0FED2500E4904B /* ThemeViewController.m */; };
		41B02B711C10221500E4904B /* ArticleDetailInfoCell.xib in Resources */ = {isa = PBXBuildFile; fileRef = 41B02B701C10221500E4904B /* ArticleDetailInfoCell.xib */; };
		41B02B741C1024F700E4904B /* ThemeUtilities.m in Sources */ = {isa = PBXBuildFile; fileRef = 41B02B731C1024F700E4904B /* ThemeUtilities.m */; };
		41B02B771C1033A400E4904B /* ArticleDetailInfoCell.m in Sources */ = {isa = PBXBuildFile; fileRef = 41B02B761C1033A400E4904B /* ArticleDetailInfoCell.m */; };
		41B57D471C314AFB00B9A01B /* ArticleRoughInfoCell.m in Sources */ = {isa = PBXBuildFile; fileRef = 41B57D451C314AFB00B9A01B /* ArticleRoughInfoCell.m */; };
		41B57D481C314AFB00B9A01B /* ArticleRoughInfoCell.xib in Resources */ = {isa = PBXBuildFile; fileRef = 41B57D461C314AFB00B9A01B /* ArticleRoughInfoCell.xib */; };
		41B684BD1C2001BB0088395D /* ShowUserInfoViewController.m in Sources */ = {isa = PBXBuildFile; fileRef = 41B684BB1C2001BB0088395D /* ShowUserInfoViewController.m */; };
		41B684BE1C2001BB0088395D /* ShowUserInfo.xib in Resources */ = {isa = PBXBuildFile; fileRef = 41B684BC1C2001BB0088395D /* ShowUserInfo.xib */; };
		41CEB46E1C2B8C4A004935FF /* ScreenAdaptionUtilities.m in Sources */ = {isa = PBXBuildFile; fileRef = 41CEB46D1C2B8C4A004935FF /* ScreenAdaptionUtilities.m */; };
		41D383C31C3BF2E100255BA9 /* DownloadResourcesUtilities.m in Sources */ = {isa = PBXBuildFile; fileRef = 41D383C21C3BF2E100255BA9 /* DownloadResourcesUtilities.m */; };
		41D801DD1C14277B00845782 /* AttachmentFile.m in Sources */ = {isa = PBXBuildFile; fileRef = 41D801DC1C14277B00845782 /* AttachmentFile.m */; };
		41E4CEA31C0456D7004DD407 /* LoginUtilities.m in Sources */ = {isa = PBXBuildFile; fileRef = 41E4CEA21C0456D7004DD407 /* LoginUtilities.m */; };
		41E4CEA51C04588C004DD407 /* SecondLoginView.xib in Resources */ = {isa = PBXBuildFile; fileRef = 41E4CEA41C04588C004DD407 /* SecondLoginView.xib */; };
		41F86AB71C1FA3DD009DC75C /* UserCenter.xib in Resources */ = {isa = PBXBuildFile; fileRef = 41F86AB61C1FA3DD009DC75C /* UserCenter.xib */; };
		41F86ABA1C1FA8FC009DC75C /* UserUtilities.m in Sources */ = {isa = PBXBuildFile; fileRef = 41F86AB91C1FA8FC009DC75C /* UserUtilities.m */; };
		ADF0647870C22EAF6852BE39 /* libPods.a in Frameworks */ = {isa = PBXBuildFile; fileRef = BC63FE2D2B942D0F858DC8B3 /* libPods.a */; };
/* End PBXBuildFile section */

/* Begin PBXFileReference section */
		4108AFF81C0D8FBB00CDC292 /* TopSectionViewController.h */ = {isa = PBXFileReference; fileEncoding = 4; lastKnownFileType = sourcecode.c.h; path = TopSectionViewController.h; sourceTree = "<group>"; };
		4108AFF91C0D8FBB00CDC292 /* TopSectionViewController.m */ = {isa = PBXFileReference; fileEncoding = 4; lastKnownFileType = sourcecode.c.objc; path = TopSectionViewController.m; sourceTree = "<group>"; };
		4108AFFB1C0D8FEF00CDC292 /* RecommedArticalViewController.h */ = {isa = PBXFileReference; fileEncoding = 4; lastKnownFileType = sourcecode.c.h; path = RecommedArticalViewController.h; sourceTree = "<group>"; };
		4108AFFC1C0D8FEF00CDC292 /* RecommedArticalViewController.m */ = {isa = PBXFileReference; fileEncoding = 4; lastKnownFileType = sourcecode.c.objc; path = RecommedArticalViewController.m; sourceTree = "<group>"; };
		4108AFFE1C0D951600CDC292 /* TopTenUtilities.h */ = {isa = PBXFileReference; fileEncoding = 4; lastKnownFileType = sourcecode.c.h; path = TopTenUtilities.h; sourceTree = "<group>"; };
		4108AFFF1C0D951600CDC292 /* TopTenUtilities.m */ = {isa = PBXFileReference; fileEncoding = 4; lastKnownFileType = sourcecode.c.objc; path = TopTenUtilities.m; sourceTree = "<group>"; };
		410B201E1C151842004C0CBE /* CustomUtilities.h */ = {isa = PBXFileReference; fileEncoding = 4; lastKnownFileType = sourcecode.c.h; path = CustomUtilities.h; sourceTree = "<group>"; };
		410B201F1C151842004C0CBE /* CustomUtilities.m */ = {isa = PBXFileReference; fileEncoding = 4; lastKnownFileType = sourcecode.c.objc; path = CustomUtilities.m; sourceTree = "<group>"; };
		410B20211C1524A3004C0CBE /* Assets.xcassets */ = {isa = PBXFileReference; lastKnownFileType = folder.assetcatalog; path = Assets.xcassets; sourceTree = "<group>"; };
		410EABA01C0A9EE70076F7A9 /* RootViewController.h */ = {isa = PBXFileReference; fileEncoding = 4; lastKnownFileType = sourcecode.c.h; path = RootViewController.h; sourceTree = "<group>"; };
		410EABA11C0A9EE70076F7A9 /* RootViewController.m */ = {isa = PBXFileReference; fileEncoding = 4; lastKnownFileType = sourcecode.c.objc; path = RootViewController.m; sourceTree = "<group>"; };
		41185B8A1BFAC71A00695E9C /* SecondLoginViewController.h */ = {isa = PBXFileReference; fileEncoding = 4; lastKnownFileType = sourcecode.c.h; path = SecondLoginViewController.h; sourceTree = "<group>"; };
		41185B8B1BFAC71A00695E9C /* SecondLoginViewController.m */ = {isa = PBXFileReference; fileEncoding = 4; lastKnownFileType = sourcecode.c.objc; path = SecondLoginViewController.m; sourceTree = "<group>"; };
		411DD2681C0D8CA600002CD3 /* UserMainInterface.storyboard */ = {isa = PBXFileReference; fileEncoding = 4; lastKnownFileType = file.storyboard; path = UserMainInterface.storyboard; sourceTree = "<group>"; };
		411DEC041C0D3131008B7EB6 /* TopTenViewController.h */ = {isa = PBXFileReference; fileEncoding = 4; lastKnownFileType = sourcecode.c.h; path = TopTenViewController.h; sourceTree = "<group>"; };
		411DEC051C0D3131008B7EB6 /* TopTenViewController.m */ = {isa = PBXFileReference; fileEncoding = 4; lastKnownFileType = sourcecode.c.objc; path = TopTenViewController.m; sourceTree = "<group>"; };
		4124410F1C2244F2009A4172 /* ShowUserInfoViewControllerDelegate.h */ = {isa = PBXFileReference; fileEncoding = 4; lastKnownFileType = sourcecode.c.h; path = ShowUserInfoViewControllerDelegate.h; sourceTree = "<group>"; };
		412441101C2259EA009A4172 /* FirstLoginViewController.h */ = {isa = PBXFileReference; fileEncoding = 4; lastKnownFileType = sourcecode.c.h; path = FirstLoginViewController.h; sourceTree = "<group>"; };
		412441111C2259EA009A4172 /* FirstLoginViewController.m */ = {isa = PBXFileReference; fileEncoding = 4; lastKnownFileType = sourcecode.c.objc; path = FirstLoginViewController.m; sourceTree = "<group>"; };
		412441131C225A1E009A4172 /* FirstLoginView.xib */ = {isa = PBXFileReference; fileEncoding = 4; lastKnownFileType = file.xib; path = FirstLoginView.xib; sourceTree = "<group>"; };
		412441151C2263B0009A4172 /* LoginHttpResponseDelegate.h */ = {isa = PBXFileReference; fileEncoding = 4; lastKnownFileType = sourcecode.c.h; path = LoginHttpResponseDelegate.h; sourceTree = "<group>"; };
		412641F11C0E86BD006C4B31 /* ArticleInfo.h */ = {isa = PBXFileReference; fileEncoding = 4; lastKnownFileType = sourcecode.c.h; path = ArticleInfo.h; sourceTree = "<group>"; };
		412641F21C0E86BD006C4B31 /* ArticleInfo.m */ = {isa = PBXFileReference; fileEncoding = 4; lastKnownFileType = sourcecode.c.objc; path = ArticleInfo.m; sourceTree = "<group>"; };
		412641F41C0E876E006C4B31 /* UserInfo.h */ = {isa = PBXFileReference; fileEncoding = 4; lastKnownFileType = sourcecode.c.h; path = UserInfo.h; sourceTree = "<group>"; };
		412641F51C0E876E006C4B31 /* UserInfo.m */ = {isa = PBXFileReference; fileEncoding = 4; lastKnownFileType = sourcecode.c.objc; path = UserInfo.m; sourceTree = "<group>"; };
		412641F81C0E91A7006C4B31 /* HttpResponseDelegate.h */ = {isa = PBXFileReference; fileEncoding = 4; lastKnownFileType = sourcecode.c.h; path = HttpResponseDelegate.h; sourceTree = "<group>"; };
		41295DD31C1E5E260021D689 /* RecommedUtilities.h */ = {isa = PBXFileReference; fileEncoding = 4; lastKnownFileType = sourcecode.c.h; path = RecommedUtilities.h; sourceTree = "<group>"; };
		41295DD41C1E5E260021D689 /* RecommedUtilities.m */ = {isa = PBXFileReference; fileEncoding = 4; lastKnownFileType = sourcecode.c.objc; path = RecommedUtilities.m; sourceTree = "<group>"; };
		4129D06B1C3CB0D900BCB528 /* PictureInfo.h */ = {isa = PBXFileReference; fileEncoding = 4; lastKnownFileType = sourcecode.c.h; path = PictureInfo.h; sourceTree = "<group>"; };
		4129D06C1C3CB0D900BCB528 /* PictureInfo.m */ = {isa = PBXFileReference; fileEncoding = 4; lastKnownFileType = sourcecode.c.objc; path = PictureInfo.m; sourceTree = "<group>"; };
		41404F681C1D142100A45B13 /* BoardViewController.h */ = {isa = PBXFileReference; fileEncoding = 4; lastKnownFileType = sourcecode.c.h; path = BoardViewController.h; sourceTree = "<group>"; };
		41404F691C1D142100A45B13 /* BoardViewController.m */ = {isa = PBXFileReference; fileEncoding = 4; lastKnownFileType = sourcecode.c.objc; path = BoardViewController.m; sourceTree = "<group>"; };
		41404F6B1C1D16E700A45B13 /* BoardUtilities.h */ = {isa = PBXFileReference; fileEncoding = 4; lastKnownFileType = sourcecode.c.h; path = BoardUtilities.h; sourceTree = "<group>"; };
		41404F6C1C1D16E700A45B13 /* BoardUtilities.m */ = {isa = PBXFileReference; fileEncoding = 4; lastKnownFileType = sourcecode.c.objc; path = BoardUtilities.m; sourceTree = "<group>"; };
		41404F6E1C1D207900A45B13 /* BoardArticleInfoCell.h */ = {isa = PBXFileReference; fileEncoding = 4; lastKnownFileType = sourcecode.c.h; path = BoardArticleInfoCell.h; sourceTree = "<group>"; };
		41404F6F1C1D207900A45B13 /* BoardArticleInfoCell.m */ = {isa = PBXFileReference; fileEncoding = 4; lastKnownFileType = sourcecode.c.objc; path = BoardArticleInfoCell.m; sourceTree = "<group>"; };
		41404F701C1D207900A45B13 /* BoardArticleInfoCell.xib */ = {isa = PBXFileReference; fileEncoding = 4; lastKnownFileType = file.xib; path = BoardArticleInfoCell.xib; sourceTree = "<group>"; };
		41432A7A1C38DA3200423DFE /* ThemePopoverController.h */ = {isa = PBXFileReference; fileEncoding = 4; lastKnownFileType = sourcecode.c.h; path = ThemePopoverController.h; sourceTree = "<group>"; };
		41432A7B1C38DA3200423DFE /* ThemePopoverController.m */ = {isa = PBXFileReference; fileEncoding = 4; lastKnownFileType = sourcecode.c.objc; path = ThemePopoverController.m; sourceTree = "<group>"; };
		41432A7C1C38DA3200423DFE /* ThemePopoverControllerView.xib */ = {isa = PBXFileReference; fileEncoding = 4; lastKnownFileType = file.xib; path = ThemePopoverControllerView.xib; sourceTree = "<group>"; };
		41432A7F1C38E53000423DFE /* ThemePopoverControllerDelegate.h */ = {isa = PBXFileReference; fileEncoding = 4; lastKnownFileType = sourcecode.c.h; path = ThemePopoverControllerDelegate.h; sourceTree = "<group>"; };
		41432A801C39053E00423DFE /* JumpPopoverController.h */ = {isa = PBXFileReference; fileEncoding = 4; lastKnownFileType = sourcecode.c.h; path = JumpPopoverController.h; sourceTree = "<group>"; };
		41432A811C39053E00423DFE /* JumpPopoverController.m */ = {isa = PBXFileReference; fileEncoding = 4; lastKnownFileType = sourcecode.c.objc; path = JumpPopoverController.m; sourceTree = "<group>"; };
		41432A831C39056E00423DFE /* JumpPopoverControllerView.xib */ = {isa = PBXFileReference; fileEncoding = 4; lastKnownFileType = file.xib; path = JumpPopoverControllerView.xib; sourceTree = "<group>"; };
		41432A851C39096200423DFE /* JumpPopoverControllerDelegate.h */ = {isa = PBXFileReference; fileEncoding = 4; lastKnownFileType = sourcecode.c.h; path = JumpPopoverControllerDelegate.h; sourceTree = "<group>"; };
		4143427B1C1EC67F009300BC /* CaluateAttributedStringSizeUtilities.h */ = {isa = PBXFileReference; fileEncoding = 4; lastKnownFileType = sourcecode.c.h; path = CaluateAttributedStringSizeUtilities.h; sourceTree = "<group>"; };
		4143427C1C1EC67F009300BC /* CaluateAttributedStringSizeUtilities.m */ = {isa = PBXFileReference; fileEncoding = 4; lastKnownFileType = sourcecode.c.objc; path = CaluateAttributedStringSizeUtilities.m; sourceTree = "<group>"; };
		41434F281BE8D5AA00FF01D9 /* 邮遍天下.app */ = {isa = PBXFileReference; explicitFileType = wrapper.application; includeInIndex = 0; path = "邮遍天下.app"; sourceTree = BUILT_PRODUCTS_DIR; };
		41434F2C1BE8D5AA00FF01D9 /* main.m */ = {isa = PBXFileReference; lastKnownFileType = sourcecode.c.objc; path = main.m; sourceTree = "<group>"; };
		41434F2E1BE8D5AA00FF01D9 /* AppDelegate.h */ = {isa = PBXFileReference; lastKnownFileType = sourcecode.c.h; path = AppDelegate.h; sourceTree = "<group>"; };
		41434F2F1BE8D5AA00FF01D9 /* AppDelegate.m */ = {isa = PBXFileReference; lastKnownFileType = sourcecode.c.objc; path = AppDelegate.m; sourceTree = "<group>"; };
		41434F3C1BE8D5AA00FF01D9 /* Info.plist */ = {isa = PBXFileReference; lastKnownFileType = text.plist.xml; path = Info.plist; sourceTree = "<group>"; };
		4153C8341C3BB4C000A0C0F2 /* ArticlePreProcessingUtilities.h */ = {isa = PBXFileReference; fileEncoding = 4; lastKnownFileType = sourcecode.c.h; path = ArticlePreProcessingUtilities.h; sourceTree = "<group>"; };
		4153C8351C3BB4C000A0C0F2 /* ArticlePreProcessingUtilities.m */ = {isa = PBXFileReference; fileEncoding = 4; lastKnownFileType = sourcecode.c.objc; path = ArticlePreProcessingUtilities.m; sourceTree = "<group>"; };
		415AE0931C0AF5F700B1F137 /* UserCenterViewController.h */ = {isa = PBXFileReference; fileEncoding = 4; lastKnownFileType = sourcecode.c.h; path = UserCenterViewController.h; sourceTree = "<group>"; };
		415AE0941C0AF5F700B1F137 /* UserCenterViewController.m */ = {isa = PBXFileReference; fileEncoding = 4; lastKnownFileType = sourcecode.c.objc; path = UserCenterViewController.m; sourceTree = "<group>"; };
		416B272D1C1BE87F00D0FFE4 /* SectionUtilities.h */ = {isa = PBXFileReference; fileEncoding = 4; lastKnownFileType = sourcecode.c.h; path = SectionUtilities.h; sourceTree = "<group>"; };
		416B272E1C1BE87F00D0FFE4 /* SectionUtilities.m */ = {isa = PBXFileReference; fileEncoding = 4; lastKnownFileType = sourcecode.c.objc; path = SectionUtilities.m; sourceTree = "<group>"; };
		419411D31C1BEF41002E59AC /* SectionInfo.h */ = {isa = PBXFileReference; fileEncoding = 4; lastKnownFileType = sourcecode.c.h; path = SectionInfo.h; sourceTree = "<group>"; };
		419411D41C1BEF41002E59AC /* SectionInfo.m */ = {isa = PBXFileReference; fileEncoding = 4; lastKnownFileType = sourcecode.c.objc; path = SectionInfo.m; sourceTree = "<group>"; };
		419411D61C1BFD03002E59AC /* SectionAndBoardInfoCell.h */ = {isa = PBXFileReference; fileEncoding = 4; lastKnownFileType = sourcecode.c.h; path = SectionAndBoardInfoCell.h; sourceTree = "<group>"; };
		419411D71C1BFD03002E59AC /* SectionAndBoardInfoCell.m */ = {isa = PBXFileReference; fileEncoding = 4; lastKnownFileType = sourcecode.c.objc; path = SectionAndBoardInfoCell.m; sourceTree = "<group>"; };
		419411D91C1C0C93002E59AC /* SectionViewController.h */ = {isa = PBXFileReference; fileEncoding = 4; lastKnownFileType = sourcecode.c.h; path = SectionViewController.h; sourceTree = "<group>"; };
		419411DA1C1C0C93002E59AC /* SectionViewController.m */ = {isa = PBXFileReference; fileEncoding = 4; lastKnownFileType = sourcecode.c.objc; path = SectionViewController.m; sourceTree = "<group>"; };
		419411DC1C1C1573002E59AC /* BoardInfo.h */ = {isa = PBXFileReference; fileEncoding = 4; lastKnownFileType = sourcecode.c.h; path = BoardInfo.h; sourceTree = "<group>"; };
		419411DD1C1C1573002E59AC /* BoardInfo.m */ = {isa = PBXFileReference; fileEncoding = 4; lastKnownFileType = sourcecode.c.objc; path = BoardInfo.m; sourceTree = "<group>"; };
		419411DF1C1C372C002E59AC /* CollectionViewHeader.h */ = {isa = PBXFileReference; fileEncoding = 4; lastKnownFileType = sourcecode.c.h; path = CollectionViewHeader.h; sourceTree = "<group>"; };
		419411E01C1C372C002E59AC /* CollectionViewHeader.m */ = {isa = PBXFileReference; fileEncoding = 4; lastKnownFileType = sourcecode.c.objc; path = CollectionViewHeader.m; sourceTree = "<group>"; };
		41A86EE11C05B5C7005A724D /* BBSConstants.m */ = {isa = PBXFileReference; fileEncoding = 4; lastKnownFileType = sourcecode.c.objc; path = BBSConstants.m; sourceTree = "<group>"; };
		41AF90E91C0467E2007FFE3C /* LoginManager.h */ = {isa = PBXFileReference; fileEncoding = 4; lastKnownFileType = sourcecode.c.h; path = LoginManager.h; sourceTree = "<group>"; };
		41AF90EA1C0467E2007FFE3C /* LoginManager.m */ = {isa = PBXFileReference; fileEncoding = 4; lastKnownFileType = sourcecode.c.objc; path = LoginManager.m; sourceTree = "<group>"; };
		41B018531C2304E700AA8F88 /* UserHttpResponseDelegate.h */ = {isa = PBXFileReference; fileEncoding = 4; lastKnownFileType = sourcecode.c.h; path = UserHttpResponseDelegate.h; sourceTree = "<group>"; };
		41B018541C23D04400AA8F88 /* LaunchViewController.h */ = {isa = PBXFileReference; fileEncoding = 4; lastKnownFileType = sourcecode.c.h; path = LaunchViewController.h; sourceTree = "<group>"; };
		41B018551C23D04400AA8F88 /* LaunchViewController.m */ = {isa = PBXFileReference; fileEncoding = 4; lastKnownFileType = sourcecode.c.objc; path = LaunchViewController.m; sourceTree = "<group>"; };
		41B018571C23D06400AA8F88 /* LaunchView.xib */ = {isa = PBXFileReference; fileEncoding = 4; lastKnownFileType = file.xib; path = LaunchView.xib; sourceTree = "<group>"; };
		41B02B631C0FE31B00E4904B /* AttachmentInfo.h */ = {isa = PBXFileReference; fileEncoding = 4; lastKnownFileType = sourcecode.c.h; path = AttachmentInfo.h; sourceTree = "<group>"; };
		41B02B641C0FE31B00E4904B /* AttachmentInfo.m */ = {isa = PBXFileReference; fileEncoding = 4; lastKnownFileType = sourcecode.c.objc; path = AttachmentInfo.m; sourceTree = "<group>"; };
		41B02B691C0FED2500E4904B /* ThemeViewController.h */ = {isa = PBXFileReference; fileEncoding = 4; lastKnownFileType = sourcecode.c.h; path = ThemeViewController.h; sourceTree = "<group>"; };
		41B02B6A1C0FED2500E4904B /* ThemeViewController.m */ = {isa = PBXFileReference; fileEncoding = 4; lastKnownFileType = sourcecode.c.objc; path = ThemeViewController.m; sourceTree = "<group>"; };
		41B02B701C10221500E4904B /* ArticleDetailInfoCell.xib */ = {isa = PBXFileReference; fileEncoding = 4; lastKnownFileType = file.xib; path = ArticleDetailInfoCell.xib; sourceTree = "<group>"; };
		41B02B721C1024F700E4904B /* ThemeUtilities.h */ = {isa = PBXFileReference; fileEncoding = 4; lastKnownFileType = sourcecode.c.h; path = ThemeUtilities.h; sourceTree = "<group>"; };
		41B02B731C1024F700E4904B /* ThemeUtilities.m */ = {isa = PBXFileReference; fileEncoding = 4; lastKnownFileType = sourcecode.c.objc; path = ThemeUtilities.m; sourceTree = "<group>"; };
		41B02B751C1033A400E4904B /* ArticleDetailInfoCell.h */ = {isa = PBXFileReference; fileEncoding = 4; lastKnownFileType = sourcecode.c.h; path = ArticleDetailInfoCell.h; sourceTree = "<group>"; };
		41B02B761C1033A400E4904B /* ArticleDetailInfoCell.m */ = {isa = PBXFileReference; fileEncoding = 4; lastKnownFileType = sourcecode.c.objc; path = ArticleDetailInfoCell.m; sourceTree = "<group>"; };
		41B57D441C314AFB00B9A01B /* ArticleRoughInfoCell.h */ = {isa = PBXFileReference; fileEncoding = 4; lastKnownFileType = sourcecode.c.h; path = ArticleRoughInfoCell.h; sourceTree = "<group>"; };
		41B57D451C314AFB00B9A01B /* ArticleRoughInfoCell.m */ = {isa = PBXFileReference; fileEncoding = 4; lastKnownFileType = sourcecode.c.objc; path = ArticleRoughInfoCell.m; sourceTree = "<group>"; };
		41B57D461C314AFB00B9A01B /* ArticleRoughInfoCell.xib */ = {isa = PBXFileReference; fileEncoding = 4; lastKnownFileType = file.xib; path = ArticleRoughInfoCell.xib; sourceTree = "<group>"; };
		41B684BA1C2001BB0088395D /* ShowUserInfoViewController.h */ = {isa = PBXFileReference; fileEncoding = 4; lastKnownFileType = sourcecode.c.h; path = ShowUserInfoViewController.h; sourceTree = "<group>"; };
		41B684BB1C2001BB0088395D /* ShowUserInfoViewController.m */ = {isa = PBXFileReference; fileEncoding = 4; lastKnownFileType = sourcecode.c.objc; path = ShowUserInfoViewController.m; sourceTree = "<group>"; };
		41B684BC1C2001BB0088395D /* ShowUserInfo.xib */ = {isa = PBXFileReference; fileEncoding = 4; lastKnownFileType = file.xib; path = ShowUserInfo.xib; sourceTree = "<group>"; };
		41CDB23D1BF9B6D400172DE0 /* BBSConstants.h */ = {isa = PBXFileReference; fileEncoding = 4; lastKnownFileType = sourcecode.c.h; path = BBSConstants.h; sourceTree = "<group>"; };
		41CEB46C1C2B8C4A004935FF /* ScreenAdaptionUtilities.h */ = {isa = PBXFileReference; fileEncoding = 4; lastKnownFileType = sourcecode.c.h; path = ScreenAdaptionUtilities.h; sourceTree = "<group>"; };
		41CEB46D1C2B8C4A004935FF /* ScreenAdaptionUtilities.m */ = {isa = PBXFileReference; fileEncoding = 4; lastKnownFileType = sourcecode.c.objc; path = ScreenAdaptionUtilities.m; sourceTree = "<group>"; };
		41D383C11C3BF2E100255BA9 /* DownloadResourcesUtilities.h */ = {isa = PBXFileReference; fileEncoding = 4; lastKnownFileType = sourcecode.c.h; path = DownloadResourcesUtilities.h; sourceTree = "<group>"; };
		41D383C21C3BF2E100255BA9 /* DownloadResourcesUtilities.m */ = {isa = PBXFileReference; fileEncoding = 4; lastKnownFileType = sourcecode.c.objc; path = DownloadResourcesUtilities.m; sourceTree = "<group>"; };
		41D383C41C3C071100255BA9 /* RefreshTableViewDelegate.h */ = {isa = PBXFileReference; fileEncoding = 4; lastKnownFileType = sourcecode.c.h; path = RefreshTableViewDelegate.h; sourceTree = "<group>"; };
		41D801DB1C14277B00845782 /* AttachmentFile.h */ = {isa = PBXFileReference; fileEncoding = 4; lastKnownFileType = sourcecode.c.h; path = AttachmentFile.h; sourceTree = "<group>"; };
		41D801DC1C14277B00845782 /* AttachmentFile.m */ = {isa = PBXFileReference; fileEncoding = 4; lastKnownFileType = sourcecode.c.objc; path = AttachmentFile.m; sourceTree = "<group>"; };
		41E4CEA11C0456D7004DD407 /* LoginUtilities.h */ = {isa = PBXFileReference; fileEncoding = 4; lastKnownFileType = sourcecode.c.h; path = LoginUtilities.h; sourceTree = "<group>"; };
		41E4CEA21C0456D7004DD407 /* LoginUtilities.m */ = {isa = PBXFileReference; fileEncoding = 4; lastKnownFileType = sourcecode.c.objc; path = LoginUtilities.m; sourceTree = "<group>"; };
		41E4CEA41C04588C004DD407 /* SecondLoginView.xib */ = {isa = PBXFileReference; fileEncoding = 4; lastKnownFileType = file.xib; path = SecondLoginView.xib; sourceTree = "<group>"; };
		41F86AB61C1FA3DD009DC75C /* UserCenter.xib */ = {isa = PBXFileReference; fileEncoding = 4; lastKnownFileType = file.xib; path = UserCenter.xib; sourceTree = "<group>"; };
		41F86AB81C1FA8FC009DC75C /* UserUtilities.h */ = {isa = PBXFileReference; fileEncoding = 4; lastKnownFileType = sourcecode.c.h; path = UserUtilities.h; sourceTree = "<group>"; };
		41F86AB91C1FA8FC009DC75C /* UserUtilities.m */ = {isa = PBXFileReference; fileEncoding = 4; lastKnownFileType = sourcecode.c.objc; path = UserUtilities.m; sourceTree = "<group>"; };
		5DCAE85174F511042FCAD6F0 /* Pods.debug.xcconfig */ = {isa = PBXFileReference; includeInIndex = 1; lastKnownFileType = text.xcconfig; name = Pods.debug.xcconfig; path = "Pods/Target Support Files/Pods/Pods.debug.xcconfig"; sourceTree = "<group>"; };
		ABF3A8893432526BB672DC07 /* Pods.release.xcconfig */ = {isa = PBXFileReference; includeInIndex = 1; lastKnownFileType = text.xcconfig; name = Pods.release.xcconfig; path = "Pods/Target Support Files/Pods/Pods.release.xcconfig"; sourceTree = "<group>"; };
		BC63FE2D2B942D0F858DC8B3 /* libPods.a */ = {isa = PBXFileReference; explicitFileType = archive.ar; includeInIndex = 0; path = libPods.a; sourceTree = BUILT_PRODUCTS_DIR; };
/* End PBXFileReference section */

/* Begin PBXFrameworksBuildPhase section */
		41434F251BE8D5AA00FF01D9 /* Frameworks */ = {
			isa = PBXFrameworksBuildPhase;
			buildActionMask = 2147483647;
			files = (
				ADF0647870C22EAF6852BE39 /* libPods.a in Frameworks */,
			);
			runOnlyForDeploymentPostprocessing = 0;
		};
/* End PBXFrameworksBuildPhase section */

/* Begin PBXGroup section */
		410B201D1C1517F2004C0CBE /* CustomUtilities */ = {
			isa = PBXGroup;
			children = (
				410B201E1C151842004C0CBE /* CustomUtilities.h */,
				410B201F1C151842004C0CBE /* CustomUtilities.m */,
				4143427B1C1EC67F009300BC /* CaluateAttributedStringSizeUtilities.h */,
				4143427C1C1EC67F009300BC /* CaluateAttributedStringSizeUtilities.m */,
				41CEB46C1C2B8C4A004935FF /* ScreenAdaptionUtilities.h */,
				41CEB46D1C2B8C4A004935FF /* ScreenAdaptionUtilities.m */,
				4153C8341C3BB4C000A0C0F2 /* ArticlePreProcessingUtilities.h */,
				4153C8351C3BB4C000A0C0F2 /* ArticlePreProcessingUtilities.m */,
			);
			name = CustomUtilities;
			sourceTree = "<group>";
		};
		412641F71C0E9129006C4B31 /* Protocol */ = {
			isa = PBXGroup;
			children = (
				412441151C2263B0009A4172 /* LoginHttpResponseDelegate.h */,
				41B018531C2304E700AA8F88 /* UserHttpResponseDelegate.h */,
				412641F81C0E91A7006C4B31 /* HttpResponseDelegate.h */,
				4124410F1C2244F2009A4172 /* ShowUserInfoViewControllerDelegate.h */,
				41432A7F1C38E53000423DFE /* ThemePopoverControllerDelegate.h */,
				41432A851C39096200423DFE /* JumpPopoverControllerDelegate.h */,
				41D383C41C3C071100255BA9 /* RefreshTableViewDelegate.h */,
			);
			name = Protocol;
			sourceTree = "<group>";
		};
		41434F1F1BE8D5AA00FF01D9 = {
			isa = PBXGroup;
			children = (
				41434F2A1BE8D5AA00FF01D9 /* bupt */,
				41434F291BE8D5AA00FF01D9 /* Products */,
				7E7D852DBD4AFCC21B440304 /* Pods */,
				EEE2079E7004B899F448C410 /* Frameworks */,
			);
			sourceTree = "<group>";
		};
		41434F291BE8D5AA00FF01D9 /* Products */ = {
			isa = PBXGroup;
			children = (
				41434F281BE8D5AA00FF01D9 /* 邮遍天下.app */,
			);
			name = Products;
			sourceTree = "<group>";
		};
		41434F2A1BE8D5AA00FF01D9 /* bupt */ = {
			isa = PBXGroup;
			children = (
				41434F2E1BE8D5AA00FF01D9 /* AppDelegate.h */,
				41434F2F1BE8D5AA00FF01D9 /* AppDelegate.m */,
				412641F71C0E9129006C4B31 /* Protocol */,
				41CDB23C1BF9B68600172DE0 /* Constants */,
				41E4CE9E1C045347004DD407 /* Controller */,
				41E4CE9D1C0452C0004DD407 /* NetworkUtilities */,
				410B201D1C1517F2004C0CBE /* CustomUtilities */,
				41E4CE9F1C0455A7004DD407 /* View */,
				41E4CEA01C0455C6004DD407 /* Model */,
				41434F3C1BE8D5AA00FF01D9 /* Info.plist */,
				410B20211C1524A3004C0CBE /* Assets.xcassets */,
				41434F2B1BE8D5AA00FF01D9 /* Supporting Files */,
			);
			path = bupt;
			sourceTree = "<group>";
		};
		41434F2B1BE8D5AA00FF01D9 /* Supporting Files */ = {
			isa = PBXGroup;
			children = (
				41434F2C1BE8D5AA00FF01D9 /* main.m */,
			);
			name = "Supporting Files";
			sourceTree = "<group>";
		};
		41CDB23C1BF9B68600172DE0 /* Constants */ = {
			isa = PBXGroup;
			children = (
				41CDB23D1BF9B6D400172DE0 /* BBSConstants.h */,
				41A86EE11C05B5C7005A724D /* BBSConstants.m */,
			);
			name = Constants;
			sourceTree = "<group>";
		};
		41E4CE9D1C0452C0004DD407 /* NetworkUtilities */ = {
			isa = PBXGroup;
			children = (
				41E4CEA11C0456D7004DD407 /* LoginUtilities.h */,
				41E4CEA21C0456D7004DD407 /* LoginUtilities.m */,
				41F86AB81C1FA8FC009DC75C /* UserUtilities.h */,
				41F86AB91C1FA8FC009DC75C /* UserUtilities.m */,
				4108AFFE1C0D951600CDC292 /* TopTenUtilities.h */,
				4108AFFF1C0D951600CDC292 /* TopTenUtilities.m */,
				41B02B721C1024F700E4904B /* ThemeUtilities.h */,
				41B02B731C1024F700E4904B /* ThemeUtilities.m */,
				416B272D1C1BE87F00D0FFE4 /* SectionUtilities.h */,
				416B272E1C1BE87F00D0FFE4 /* SectionUtilities.m */,
				41404F6B1C1D16E700A45B13 /* BoardUtilities.h */,
				41404F6C1C1D16E700A45B13 /* BoardUtilities.m */,
				41295DD31C1E5E260021D689 /* RecommedUtilities.h */,
				41295DD41C1E5E260021D689 /* RecommedUtilities.m */,
				41D383C11C3BF2E100255BA9 /* DownloadResourcesUtilities.h */,
				41D383C21C3BF2E100255BA9 /* DownloadResourcesUtilities.m */,
			);
			name = NetworkUtilities;
			sourceTree = "<group>";
		};
		41E4CE9E1C045347004DD407 /* Controller */ = {
			isa = PBXGroup;
			children = (
				412441101C2259EA009A4172 /* FirstLoginViewController.h */,
				412441111C2259EA009A4172 /* FirstLoginViewController.m */,
				41185B8A1BFAC71A00695E9C /* SecondLoginViewController.h */,
				41185B8B1BFAC71A00695E9C /* SecondLoginViewController.m */,
				41B018541C23D04400AA8F88 /* LaunchViewController.h */,
				41B018551C23D04400AA8F88 /* LaunchViewController.m */,
				410EABA01C0A9EE70076F7A9 /* RootViewController.h */,
				410EABA11C0A9EE70076F7A9 /* RootViewController.m */,
				415AE0931C0AF5F700B1F137 /* UserCenterViewController.h */,
				415AE0941C0AF5F700B1F137 /* UserCenterViewController.m */,
				411DEC041C0D3131008B7EB6 /* TopTenViewController.h */,
				411DEC051C0D3131008B7EB6 /* TopTenViewController.m */,
				41B02B691C0FED2500E4904B /* ThemeViewController.h */,
				41B02B6A1C0FED2500E4904B /* ThemeViewController.m */,
				41432A7A1C38DA3200423DFE /* ThemePopoverController.h */,
				41432A7B1C38DA3200423DFE /* ThemePopoverController.m */,
				4108AFF81C0D8FBB00CDC292 /* TopSectionViewController.h */,
				4108AFF91C0D8FBB00CDC292 /* TopSectionViewController.m */,
				419411D91C1C0C93002E59AC /* SectionViewController.h */,
				419411DA1C1C0C93002E59AC /* SectionViewController.m */,
				41404F681C1D142100A45B13 /* BoardViewController.h */,
				41404F691C1D142100A45B13 /* BoardViewController.m */,
				4108AFFB1C0D8FEF00CDC292 /* RecommedArticalViewController.h */,
				4108AFFC1C0D8FEF00CDC292 /* RecommedArticalViewController.m */,
				41B684BA1C2001BB0088395D /* ShowUserInfoViewController.h */,
				41B684BB1C2001BB0088395D /* ShowUserInfoViewController.m */,
				41432A801C39053E00423DFE /* JumpPopoverController.h */,
				41432A811C39053E00423DFE /* JumpPopoverController.m */,
			);
			name = Controller;
			sourceTree = "<group>";
		};
		41E4CE9F1C0455A7004DD407 /* View */ = {
			isa = PBXGroup;
			children = (
				412441131C225A1E009A4172 /* FirstLoginView.xib */,
				41E4CEA41C04588C004DD407 /* SecondLoginView.xib */,
				41B018571C23D06400AA8F88 /* LaunchView.xib */,
				41F86AB61C1FA3DD009DC75C /* UserCenter.xib */,
				41B684BC1C2001BB0088395D /* ShowUserInfo.xib */,
				411DD2681C0D8CA600002CD3 /* UserMainInterface.storyboard */,
				41B57D461C314AFB00B9A01B /* ArticleRoughInfoCell.xib */,
				41B57D441C314AFB00B9A01B /* ArticleRoughInfoCell.h */,
				41B57D451C314AFB00B9A01B /* ArticleRoughInfoCell.m */,
				41B02B701C10221500E4904B /* ArticleDetailInfoCell.xib */,
				41B02B751C1033A400E4904B /* ArticleDetailInfoCell.h */,
				41B02B761C1033A400E4904B /* ArticleDetailInfoCell.m */,
				41432A7C1C38DA3200423DFE /* ThemePopoverControllerView.xib */,
				41432A831C39056E00423DFE /* JumpPopoverControllerView.xib */,
				419411D61C1BFD03002E59AC /* SectionAndBoardInfoCell.h */,
				419411D71C1BFD03002E59AC /* SectionAndBoardInfoCell.m */,
				419411DF1C1C372C002E59AC /* CollectionViewHeader.h */,
				419411E01C1C372C002E59AC /* CollectionViewHeader.m */,
				41404F701C1D207900A45B13 /* BoardArticleInfoCell.xib */,
				41404F6E1C1D207900A45B13 /* BoardArticleInfoCell.h */,
				41404F6F1C1D207900A45B13 /* BoardArticleInfoCell.m */,
			);
			name = View;
			sourceTree = "<group>";
		};
		41E4CEA01C0455C6004DD407 /* Model */ = {
			isa = PBXGroup;
			children = (
				41AF90E91C0467E2007FFE3C /* LoginManager.h */,
				41AF90EA1C0467E2007FFE3C /* LoginManager.m */,
				412641F11C0E86BD006C4B31 /* ArticleInfo.h */,
				412641F21C0E86BD006C4B31 /* ArticleInfo.m */,
				412641F41C0E876E006C4B31 /* UserInfo.h */,
				412641F51C0E876E006C4B31 /* UserInfo.m */,
				41B02B631C0FE31B00E4904B /* AttachmentInfo.h */,
				41B02B641C0FE31B00E4904B /* AttachmentInfo.m */,
				41D801DB1C14277B00845782 /* AttachmentFile.h */,
				41D801DC1C14277B00845782 /* AttachmentFile.m */,
				419411D31C1BEF41002E59AC /* SectionInfo.h */,
				419411D41C1BEF41002E59AC /* SectionInfo.m */,
				419411DC1C1C1573002E59AC /* BoardInfo.h */,
				419411DD1C1C1573002E59AC /* BoardInfo.m */,
				4129D06B1C3CB0D900BCB528 /* PictureInfo.h */,
				4129D06C1C3CB0D900BCB528 /* PictureInfo.m */,
			);
			name = Model;
			sourceTree = "<group>";
		};
		7E7D852DBD4AFCC21B440304 /* Pods */ = {
			isa = PBXGroup;
			children = (
				5DCAE85174F511042FCAD6F0 /* Pods.debug.xcconfig */,
				ABF3A8893432526BB672DC07 /* Pods.release.xcconfig */,
			);
			name = Pods;
			sourceTree = "<group>";
		};
		EEE2079E7004B899F448C410 /* Frameworks */ = {
			isa = PBXGroup;
			children = (
				BC63FE2D2B942D0F858DC8B3 /* libPods.a */,
			);
			name = Frameworks;
			sourceTree = "<group>";
		};
/* End PBXGroup section */

/* Begin PBXNativeTarget section */
		41434F271BE8D5AA00FF01D9 /* bupt */ = {
			isa = PBXNativeTarget;
			buildConfigurationList = 41434F3F1BE8D5AA00FF01D9 /* Build configuration list for PBXNativeTarget "bupt" */;
			buildPhases = (
				AAA931CE79BE4754090C8DA0 /* Check Pods Manifest.lock */,
				41434F241BE8D5AA00FF01D9 /* Sources */,
				41434F251BE8D5AA00FF01D9 /* Frameworks */,
				41434F261BE8D5AA00FF01D9 /* Resources */,
				F6A9A4C83E209297C1E8929A /* Embed Pods Frameworks */,
				6B0B5DF1A83C0B35DBC2421D /* Copy Pods Resources */,
			);
			buildRules = (
			);
			dependencies = (
			);
			name = bupt;
			productName = bupt;
			productReference = 41434F281BE8D5AA00FF01D9 /* 邮遍天下.app */;
			productType = "com.apple.product-type.application";
		};
/* End PBXNativeTarget section */

/* Begin PBXProject section */
		41434F201BE8D5AA00FF01D9 /* Project object */ = {
			isa = PBXProject;
			attributes = {
				LastUpgradeCheck = 0710;
				ORGANIZATIONNAME = qiu;
				TargetAttributes = {
					41434F271BE8D5AA00FF01D9 = {
						CreatedOnToolsVersion = 7.1;
						DevelopmentTeam = Q5N38A334W;
					};
				};
			};
			buildConfigurationList = 41434F231BE8D5AA00FF01D9 /* Build configuration list for PBXProject "bupt" */;
			compatibilityVersion = "Xcode 3.2";
			developmentRegion = English;
			hasScannedForEncodings = 0;
			knownRegions = (
				en,
				Base,
			);
			mainGroup = 41434F1F1BE8D5AA00FF01D9;
			productRefGroup = 41434F291BE8D5AA00FF01D9 /* Products */;
			projectDirPath = "";
			projectRoot = "";
			targets = (
				41434F271BE8D5AA00FF01D9 /* bupt */,
			);
		};
/* End PBXProject section */

/* Begin PBXResourcesBuildPhase section */
		41434F261BE8D5AA00FF01D9 /* Resources */ = {
			isa = PBXResourcesBuildPhase;
			buildActionMask = 2147483647;
			files = (
				412441141C225A1E009A4172 /* FirstLoginView.xib in Resources */,
				41B018581C23D06400AA8F88 /* LaunchView.xib in Resources */,
				411DD2691C0D8CA600002CD3 /* UserMainInterface.storyboard in Resources */,
				41E4CEA51C04588C004DD407 /* SecondLoginView.xib in Resources */,
				41404F721C1D207900A45B13 /* BoardArticleInfoCell.xib in Resources */,
				41F86AB71C1FA3DD009DC75C /* UserCenter.xib in Resources */,
				410B20221C1524A3004C0CBE /* Assets.xcassets in Resources */,
				41B684BE1C2001BB0088395D /* ShowUserInfo.xib in Resources */,
				41432A841C39056E00423DFE /* JumpPopoverControllerView.xib in Resources */,
				41432A7E1C38DA3200423DFE /* ThemePopoverControllerView.xib in Resources */,
				41B57D481C314AFB00B9A01B /* ArticleRoughInfoCell.xib in Resources */,
				41B02B711C10221500E4904B /* ArticleDetailInfoCell.xib in Resources */,
			);
			runOnlyForDeploymentPostprocessing = 0;
		};
/* End PBXResourcesBuildPhase section */

/* Begin PBXShellScriptBuildPhase section */
		6B0B5DF1A83C0B35DBC2421D /* Copy Pods Resources */ = {
			isa = PBXShellScriptBuildPhase;
			buildActionMask = 2147483647;
			files = (
			);
			inputPaths = (
			);
			name = "Copy Pods Resources";
			outputPaths = (
			);
			runOnlyForDeploymentPostprocessing = 0;
			shellPath = /bin/sh;
			shellScript = "\"${SRCROOT}/Pods/Target Support Files/Pods/Pods-resources.sh\"\n";
			showEnvVarsInLog = 0;
		};
		AAA931CE79BE4754090C8DA0 /* Check Pods Manifest.lock */ = {
			isa = PBXShellScriptBuildPhase;
			buildActionMask = 2147483647;
			files = (
			);
			inputPaths = (
			);
			name = "Check Pods Manifest.lock";
			outputPaths = (
			);
			runOnlyForDeploymentPostprocessing = 0;
			shellPath = /bin/sh;
			shellScript = "diff \"${PODS_ROOT}/../Podfile.lock\" \"${PODS_ROOT}/Manifest.lock\" > /dev/null\nif [[ $? != 0 ]] ; then\n    cat << EOM\nerror: The sandbox is not in sync with the Podfile.lock. Run 'pod install' or update your CocoaPods installation.\nEOM\n    exit 1\nfi\n";
			showEnvVarsInLog = 0;
		};
		F6A9A4C83E209297C1E8929A /* Embed Pods Frameworks */ = {
			isa = PBXShellScriptBuildPhase;
			buildActionMask = 2147483647;
			files = (
			);
			inputPaths = (
			);
			name = "Embed Pods Frameworks";
			outputPaths = (
			);
			runOnlyForDeploymentPostprocessing = 0;
			shellPath = /bin/sh;
			shellScript = "\"${SRCROOT}/Pods/Target Support Files/Pods/Pods-frameworks.sh\"\n";
			showEnvVarsInLog = 0;
		};
/* End PBXShellScriptBuildPhase section */

/* Begin PBXSourcesBuildPhase section */
		41434F241BE8D5AA00FF01D9 /* Sources */ = {
			isa = PBXSourcesBuildPhase;
			buildActionMask = 2147483647;
			files = (
				41295DD51C1E5E260021D689 /* RecommedUtilities.m in Sources */,
				41E4CEA31C0456D7004DD407 /* LoginUtilities.m in Sources */,
				41404F711C1D207900A45B13 /* BoardArticleInfoCell.m in Sources */,
				41185B8C1BFAC71A00695E9C /* SecondLoginViewController.m in Sources */,
				41B02B6C1C0FED2500E4904B /* ThemeViewController.m in Sources */,
				41432A821C39053E00423DFE /* JumpPopoverController.m in Sources */,
				41432A7D1C38DA3200423DFE /* ThemePopoverController.m in Sources */,
				41434F301BE8D5AA00FF01D9 /* AppDelegate.m in Sources */,
				41D801DD1C14277B00845782 /* AttachmentFile.m in Sources */,
				4108AFFD1C0D8FEF00CDC292 /* RecommedArticalViewController.m in Sources */,
				41A86EE21C05B5C7005A724D /* BBSConstants.m in Sources */,
				41404F6D1C1D16E700A45B13 /* BoardUtilities.m in Sources */,
				419411E11C1C372C002E59AC /* CollectionViewHeader.m in Sources */,
				412641F31C0E86BD006C4B31 /* ArticleInfo.m in Sources */,
				41B018561C23D04400AA8F88 /* LaunchViewController.m in Sources */,
				412641F61C0E876E006C4B31 /* UserInfo.m in Sources */,
				41B02B651C0FE31B00E4904B /* AttachmentInfo.m in Sources */,
				41B57D471C314AFB00B9A01B /* ArticleRoughInfoCell.m in Sources */,
				4108AFFA1C0D8FBB00CDC292 /* TopSectionViewController.m in Sources */,
				4153C8361C3BB4C000A0C0F2 /* ArticlePreProcessingUtilities.m in Sources */,
				419411DB1C1C0C93002E59AC /* SectionViewController.m in Sources */,
				41B684BD1C2001BB0088395D /* ShowUserInfoViewController.m in Sources */,
				4108B0001C0D951600CDC292 /* TopTenUtilities.m in Sources */,
				416B272F1C1BE87F00D0FFE4 /* SectionUtilities.m in Sources */,
				412441121C2259EA009A4172 /* FirstLoginViewController.m in Sources */,
				41CEB46E1C2B8C4A004935FF /* ScreenAdaptionUtilities.m in Sources */,
				415AE0951C0AF5F700B1F137 /* UserCenterViewController.m in Sources */,
				419411DE1C1C1573002E59AC /* BoardInfo.m in Sources */,
				41B02B771C1033A400E4904B /* ArticleDetailInfoCell.m in Sources */,
				41404F6A1C1D142100A45B13 /* BoardViewController.m in Sources */,
				419411D81C1BFD03002E59AC /* SectionAndBoardInfoCell.m in Sources */,
				41434F2D1BE8D5AA00FF01D9 /* main.m in Sources */,
				41B02B741C1024F700E4904B /* ThemeUtilities.m in Sources */,
				41F86ABA1C1FA8FC009DC75C /* UserUtilities.m in Sources */,
				41AF90EB1C0467E2007FFE3C /* LoginManager.m in Sources */,
				411DEC061C0D3131008B7EB6 /* TopTenViewController.m in Sources */,
				4129D06D1C3CB0D900BCB528 /* PictureInfo.m in Sources */,
				4143427D1C1EC67F009300BC /* CaluateAttributedStringSizeUtilities.m in Sources */,
				419411D51C1BEF41002E59AC /* SectionInfo.m in Sources */,
				41D383C31C3BF2E100255BA9 /* DownloadResourcesUtilities.m in Sources */,
				410EABA21C0A9EE70076F7A9 /* RootViewController.m in Sources */,
				410B20201C151842004C0CBE /* CustomUtilities.m in Sources */,
			);
			runOnlyForDeploymentPostprocessing = 0;
		};
/* End PBXSourcesBuildPhase section */

/* Begin XCBuildConfiguration section */
		41434F3D1BE8D5AA00FF01D9 /* Debug */ = {
			isa = XCBuildConfiguration;
			buildSettings = {
				ALWAYS_SEARCH_USER_PATHS = NO;
				CLANG_CXX_LANGUAGE_STANDARD = "gnu++0x";
				CLANG_CXX_LIBRARY = "libc++";
				CLANG_ENABLE_MODULES = YES;
				CLANG_ENABLE_OBJC_ARC = YES;
				CLANG_WARN_BOOL_CONVERSION = YES;
				CLANG_WARN_CONSTANT_CONVERSION = YES;
				CLANG_WARN_DIRECT_OBJC_ISA_USAGE = YES_ERROR;
				CLANG_WARN_EMPTY_BODY = YES;
				CLANG_WARN_ENUM_CONVERSION = YES;
				CLANG_WARN_INT_CONVERSION = YES;
				CLANG_WARN_OBJC_ROOT_CLASS = YES_ERROR;
				CLANG_WARN_UNREACHABLE_CODE = YES;
				CLANG_WARN__DUPLICATE_METHOD_MATCH = YES;
				"CODE_SIGN_IDENTITY[sdk=iphoneos*]" = "iPhone Developer";
				COPY_PHASE_STRIP = NO;
				DEBUG_INFORMATION_FORMAT = dwarf;
				ENABLE_STRICT_OBJC_MSGSEND = YES;
				ENABLE_TESTABILITY = YES;
				GCC_C_LANGUAGE_STANDARD = gnu99;
				GCC_DYNAMIC_NO_PIC = NO;
				GCC_NO_COMMON_BLOCKS = YES;
				GCC_OPTIMIZATION_LEVEL = 0;
				GCC_PREPROCESSOR_DEFINITIONS = (
					"DEBUG=1",
					"$(inherited)",
				);
				GCC_WARN_64_TO_32_BIT_CONVERSION = YES;
				GCC_WARN_ABOUT_RETURN_TYPE = YES_ERROR;
				GCC_WARN_UNDECLARED_SELECTOR = YES;
				GCC_WARN_UNINITIALIZED_AUTOS = YES_AGGRESSIVE;
				GCC_WARN_UNUSED_FUNCTION = YES;
				GCC_WARN_UNUSED_VARIABLE = YES;
				IPHONEOS_DEPLOYMENT_TARGET = 9.1;
				MTL_ENABLE_DEBUG_INFO = YES;
				ONLY_ACTIVE_ARCH = YES;
				SDKROOT = iphoneos;
			};
			name = Debug;
		};
		41434F3E1BE8D5AA00FF01D9 /* Release */ = {
			isa = XCBuildConfiguration;
			buildSettings = {
				ALWAYS_SEARCH_USER_PATHS = NO;
				CLANG_CXX_LANGUAGE_STANDARD = "gnu++0x";
				CLANG_CXX_LIBRARY = "libc++";
				CLANG_ENABLE_MODULES = YES;
				CLANG_ENABLE_OBJC_ARC = YES;
				CLANG_WARN_BOOL_CONVERSION = YES;
				CLANG_WARN_CONSTANT_CONVERSION = YES;
				CLANG_WARN_DIRECT_OBJC_ISA_USAGE = YES_ERROR;
				CLANG_WARN_EMPTY_BODY = YES;
				CLANG_WARN_ENUM_CONVERSION = YES;
				CLANG_WARN_INT_CONVERSION = YES;
				CLANG_WARN_OBJC_ROOT_CLASS = YES_ERROR;
				CLANG_WARN_UNREACHABLE_CODE = YES;
				CLANG_WARN__DUPLICATE_METHOD_MATCH = YES;
				"CODE_SIGN_IDENTITY[sdk=iphoneos*]" = "iPhone Developer";
				COPY_PHASE_STRIP = NO;
				DEBUG_INFORMATION_FORMAT = "dwarf-with-dsym";
				ENABLE_NS_ASSERTIONS = NO;
				ENABLE_STRICT_OBJC_MSGSEND = YES;
				GCC_C_LANGUAGE_STANDARD = gnu99;
				GCC_NO_COMMON_BLOCKS = YES;
				GCC_WARN_64_TO_32_BIT_CONVERSION = YES;
				GCC_WARN_ABOUT_RETURN_TYPE = YES_ERROR;
				GCC_WARN_UNDECLARED_SELECTOR = YES;
				GCC_WARN_UNINITIALIZED_AUTOS = YES_AGGRESSIVE;
				GCC_WARN_UNUSED_FUNCTION = YES;
				GCC_WARN_UNUSED_VARIABLE = YES;
				IPHONEOS_DEPLOYMENT_TARGET = 9.1;
				MTL_ENABLE_DEBUG_INFO = NO;
				SDKROOT = iphoneos;
				VALIDATE_PRODUCT = YES;
			};
			name = Release;
		};
		41434F401BE8D5AA00FF01D9 /* Debug */ = {
			isa = XCBuildConfiguration;
			baseConfigurationReference = 5DCAE85174F511042FCAD6F0 /* Pods.debug.xcconfig */;
			buildSettings = {
				ASSETCATALOG_COMPILER_APPICON_NAME = AppIcon;
				CODE_SIGN_IDENTITY = "iPhone Developer";
				"CODE_SIGN_IDENTITY[sdk=iphoneos*]" = "iPhone Developer";
				INFOPLIST_FILE = bupt/Info.plist;
				IPHONEOS_DEPLOYMENT_TARGET = 8.0;
				LD_RUNPATH_SEARCH_PATHS = "$(inherited) @executable_path/Frameworks";
				PRODUCT_BUNDLE_IDENTIFIER = com.qxy.bupt;
				PRODUCT_NAME = "邮遍天下";
				PROVISIONING_PROFILE = "";
				SDKROOT = iphoneos;
			};
			name = Debug;
		};
		41434F411BE8D5AA00FF01D9 /* Release */ = {
			isa = XCBuildConfiguration;
			baseConfigurationReference = ABF3A8893432526BB672DC07 /* Pods.release.xcconfig */;
			buildSettings = {
				ASSETCATALOG_COMPILER_APPICON_NAME = AppIcon;
				CODE_SIGN_IDENTITY = "iPhone Developer";
				"CODE_SIGN_IDENTITY[sdk=iphoneos*]" = "iPhone Developer";
				INFOPLIST_FILE = bupt/Info.plist;
				IPHONEOS_DEPLOYMENT_TARGET = 8.0;
				LD_RUNPATH_SEARCH_PATHS = "$(inherited) @executable_path/Frameworks";
				PRODUCT_BUNDLE_IDENTIFIER = com.qxy.bupt;
				PRODUCT_NAME = "邮遍天下";
				PROVISIONING_PROFILE = "";
				SDKROOT = iphoneos;
			};
			name = Release;
		};
/* End XCBuildConfiguration section */

/* Begin XCConfigurationList section */
		41434F231BE8D5AA00FF01D9 /* Build configuration list for PBXProject "bupt" */ = {
			isa = XCConfigurationList;
			buildConfigurations = (
				41434F3D1BE8D5AA00FF01D9 /* Debug */,
				41434F3E1BE8D5AA00FF01D9 /* Release */,
			);
			defaultConfigurationIsVisible = 0;
			defaultConfigurationName = Release;
		};
		41434F3F1BE8D5AA00FF01D9 /* Build configuration list for PBXNativeTarget "bupt" */ = {
			isa = XCConfigurationList;
			buildConfigurations = (
				41434F401BE8D5AA00FF01D9 /* Debug */,
				41434F411BE8D5AA00FF01D9 /* Release */,
			);
			defaultConfigurationIsVisible = 0;
			defaultConfigurationName = Release;
		};
/* End XCConfigurationList section */
	};
	rootObject = 41434F201BE8D5AA00FF01D9 /* Project object */;
}
